
Microsoft Visual Studio Solution File, Format Version 12.00
# Visual Studio Version 16
VisualStudioVersion = 16.0.32929.386
MinimumVisualStudioVersion = 10.0.40219.1
Project("{FAE04EC0-301F-11D3-BF4B-00C04F79EFBC}") = "Examen.Android", "Examen.Android\Examen.Android.csproj", "{8D28D35A-032D-4A4F-A17B-A33044B5512D}"
EndProject
Project("{FAE04EC0-301F-11D3-BF4B-00C04F79EFBC}") = "Examen", "Examen\Examen.csproj", "{1B198CB7-FC4D-4C09-9F9F-9F864E92C03D}"
EndProject
Global
	GlobalSection(SolutionConfigurationPlatforms) = preSolution
		Debug|Any CPU = Debug|Any CPU
		Release|Any CPU = Release|Any CPU
	EndGlobalSection
	GlobalSection(ProjectConfigurationPlatforms) = postSolution
		{8D28D35A-032D-4A4F-A17B-A33044B5512D}.Debug|Any CPU.ActiveCfg = Debug|Any CPU
		{8D28D35A-032D-4A4F-A17B-A33044B5512D}.Debug|Any CPU.Build.0 = Debug|Any CPU
		{8D28D35A-032D-4A4F-A17B-A33044B5512D}.Debug|Any CPU.Deploy.0 = Debug|Any CPU
		{8D28D35A-032D-4A4F-A17B-A33044B5512D}.Release|Any CPU.ActiveCfg = Release|Any CPU
		{8D28D35A-032D-4A4F-A17B-A33044B5512D}.Release|Any CPU.Build.0 = Release|Any CPU
		{8D28D35A-032D-4A4F-A17B-A33044B5512D}.Release|Any CPU.Deploy.0 = Release|Any CPU
		{1B198CB7-FC4D-4C09-9F9F-9F864E92C03D}.Debug|Any CPU.ActiveCfg = Debug|Any CPU
		{1B198CB7-FC4D-4C09-9F9F-9F864E92C03D}.Debug|Any CPU.Build.0 = Debug|Any CPU
		{1B198CB7-FC4D-4C09-9F9F-9F864E92C03D}.Debug|Any CPU.Deploy.0 = Debug|Any CPU
		{1B198CB7-FC4D-4C09-9F9F-9F864E92C03D}.Release|Any CPU.ActiveCfg = Release|Any CPU
		{1B198CB7-FC4D-4C09-9F9F-9F864E92C03D}.Release|Any CPU.Build.0 = Release|Any CPU
		{1B198CB7-FC4D-4C09-9F9F-9F864E92C03D}.Release|Any CPU.Deploy.0 = Release|Any CPU
	EndGlobalSection
	GlobalSection(SolutionProperties) = preSolution
		HideSolutionNode = FALSE
	EndGlobalSection
	GlobalSection(ExtensibilityGlobals) = postSolution
		SolutionGuid = {70D75572-1FCB-460C-9099-833F21653782}
	EndGlobalSection
EndGlobal
